
Microsoft Visual Studio Solution File, Format Version 12.00
# Visual Studio Version 16
VisualStudioVersion = 16.0.29324.140
MinimumVisualStudioVersion = 10.0.40219.1
Project("{9A19103F-16F7-4668-BE54-9A1E7A4F7556}") = "Assignment.Common", "Assignment.Common\Assignment.Common.csproj", "{F7FCA201-4B2B-49C1-869D-7C8237C3947D}"
EndProject
Project("{9A19103F-16F7-4668-BE54-9A1E7A4F7556}") = "Assignment.Data", "Assignment.Data\Assignment.Data.csproj", "{82F8C407-FB85-4B73-81C0-DF1AD5B1B058}"
EndProject
Project("{9A19103F-16F7-4668-BE54-9A1E7A4F7556}") = "Assignment.Services", "Assignment.Services\Assignment.Services.csproj", "{A40A2B1D-F6D7-43A8-810C-8200824E55AF}"
EndProject
Project("{9A19103F-16F7-4668-BE54-9A1E7A4F7556}") = "Assignment.Models", "Assignment.Models\Assignment.Models.csproj", "{1F302164-92DC-4536-9877-AE412114CE38}"
EndProject
Project("{9A19103F-16F7-4668-BE54-9A1E7A4F7556}") = "Assignment.API", "Assignment.API\Assignment.API.csproj", "{51A4FD81-C21A-4913-B2D6-5260B15AA53E}"
EndProject
Global
	GlobalSection(SolutionConfigurationPlatforms) = preSolution
		Debug|Any CPU = Debug|Any CPU
		Release|Any CPU = Release|Any CPU
	EndGlobalSection
	GlobalSection(ProjectConfigurationPlatforms) = postSolution
		{51A4FD81-C21A-4913-B2D6-5260B15AA53E}.Debug|Any CPU.ActiveCfg = Debug|Any CPU
		{51A4FD81-C21A-4913-B2D6-5260B15AA53E}.Debug|Any CPU.Build.0 = Debug|Any CPU
		{51A4FD81-C21A-4913-B2D6-5260B15AA53E}.Release|Any CPU.ActiveCfg = Release|Any CPU
		{51A4FD81-C21A-4913-B2D6-5260B15AA53E}.Release|Any CPU.Build.0 = Release|Any CPU
		{82F8C407-FB85-4B73-81C0-DF1AD5B1B058}.Debug|Any CPU.ActiveCfg = Debug|Any CPU
		{82F8C407-FB85-4B73-81C0-DF1AD5B1B058}.Debug|Any CPU.Build.0 = Debug|Any CPU
		{82F8C407-FB85-4B73-81C0-DF1AD5B1B058}.Release|Any CPU.ActiveCfg = Release|Any CPU
		{82F8C407-FB85-4B73-81C0-DF1AD5B1B058}.Release|Any CPU.Build.0 = Release|Any CPU
		{A40A2B1D-F6D7-43A8-810C-8200824E55AF}.Debug|Any CPU.ActiveCfg = Debug|Any CPU
		{A40A2B1D-F6D7-43A8-810C-8200824E55AF}.Debug|Any CPU.Build.0 = Debug|Any CPU
		{A40A2B1D-F6D7-43A8-810C-8200824E55AF}.Release|Any CPU.ActiveCfg = Release|Any CPU
		{A40A2B1D-F6D7-43A8-810C-8200824E55AF}.Release|Any CPU.Build.0 = Release|Any CPU
		{1F302164-92DC-4536-9877-AE412114CE38}.Debug|Any CPU.ActiveCfg = Debug|Any CPU
		{1F302164-92DC-4536-9877-AE412114CE38}.Debug|Any CPU.Build.0 = Debug|Any CPU
		{1F302164-92DC-4536-9877-AE412114CE38}.Release|Any CPU.ActiveCfg = Release|Any CPU
		{1F302164-92DC-4536-9877-AE412114CE38}.Release|Any CPU.Build.0 = Release|Any CPU
		{F7FCA201-4B2B-49C1-869D-7C8237C3947D}.Debug|Any CPU.ActiveCfg = Debug|Any CPU
		{F7FCA201-4B2B-49C1-869D-7C8237C3947D}.Debug|Any CPU.Build.0 = Debug|Any CPU
		{F7FCA201-4B2B-49C1-869D-7C8237C3947D}.Release|Any CPU.ActiveCfg = Release|Any CPU
		{F7FCA201-4B2B-49C1-869D-7C8237C3947D}.Release|Any CPU.Build.0 = Release|Any CPU
	EndGlobalSection
	GlobalSection(SolutionProperties) = preSolution
		HideSolutionNode = FALSE
	EndGlobalSection
	GlobalSection(ExtensibilityGlobals) = postSolution
		SolutionGuid = {4675C94A-7FDC-4260-80EA-8279B63E4C50}
	EndGlobalSection
EndGlobal
